// !$*UTF8*$!
{
	archiveVersion = 1;
	classes = {
	};
	objectVersion = 51;
	objects = {

/* Begin PBXBuildFile section */
		15A337343D11704C1A97DADA /* Pods_TCBComponents.framework in Frameworks */ = {isa = PBXBuildFile; fileRef = 8B36AE430BD6EAB584B8423D /* Pods_TCBComponents.framework */; };
		2B03ED192566843E0098F3E6 /* TCBBoxItem.swift in Sources */ = {isa = PBXBuildFile; fileRef = 2B03ED152566843E0098F3E6 /* TCBBoxItem.swift */; };
		2B03ED1A2566843E0098F3E6 /* TCBBoxList.swift in Sources */ = {isa = PBXBuildFile; fileRef = 2B03ED162566843E0098F3E6 /* TCBBoxList.swift */; };
		2B03ED1B2566843E0098F3E6 /* TCBBoxItemBuilder.swift in Sources */ = {isa = PBXBuildFile; fileRef = 2B03ED172566843E0098F3E6 /* TCBBoxItemBuilder.swift */; };
		2B03ED1C2566843E0098F3E6 /* TCBBoxListBuilder.swift in Sources */ = {isa = PBXBuildFile; fileRef = 2B03ED182566843E0098F3E6 /* TCBBoxListBuilder.swift */; };
		4993D08C2566516A00B55512 /* DefaultFonts.swift in Sources */ = {isa = PBXBuildFile; fileRef = 4993D0362566516900B55512 /* DefaultFonts.swift */; };
		4993D08D2566516A00B55512 /* TCBThemeableComponent.swift in Sources */ = {isa = PBXBuildFile; fileRef = 4993D0372566516900B55512 /* TCBThemeableComponent.swift */; };
		4993D08E2566516A00B55512 /* AppColors.swift in Sources */ = {isa = PBXBuildFile; fileRef = 4993D0382566516900B55512 /* AppColors.swift */; };
		4993D08F2566516A00B55512 /* DefaultColors.swift in Sources */ = {isa = PBXBuildFile; fileRef = 4993D0392566516900B55512 /* DefaultColors.swift */; };
		4993D0902566516A00B55512 /* AppFonts.swift in Sources */ = {isa = PBXBuildFile; fileRef = 4993D03A2566516900B55512 /* AppFonts.swift */; };
		4993D0912566516A00B55512 /* DefaultDesign.swift in Sources */ = {isa = PBXBuildFile; fileRef = 4993D03B2566516900B55512 /* DefaultDesign.swift */; };
		4993D0922566516A00B55512 /* TCBAccountPanelStyle.swift in Sources */ = {isa = PBXBuildFile; fileRef = 4993D03E2566516A00B55512 /* TCBAccountPanelStyle.swift */; };
		4993D0932566516A00B55512 /* TCBAccountViewModel.swift in Sources */ = {isa = PBXBuildFile; fileRef = 4993D03F2566516A00B55512 /* TCBAccountViewModel.swift */; };
		4993D0942566516A00B55512 /* TCBAccountPanel.swift in Sources */ = {isa = PBXBuildFile; fileRef = 4993D0402566516A00B55512 /* TCBAccountPanel.swift */; };
		4993D0952566516A00B55512 /* MenuCellStyle.swift in Sources */ = {isa = PBXBuildFile; fileRef = 4993D0422566516A00B55512 /* MenuCellStyle.swift */; };
		4993D0962566516A00B55512 /* MenuItem.swift in Sources */ = {isa = PBXBuildFile; fileRef = 4993D0432566516A00B55512 /* MenuItem.swift */; };
		4993D0972566516A00B55512 /* MenuCollectionView.swift in Sources */ = {isa = PBXBuildFile; fileRef = 4993D0442566516A00B55512 /* MenuCollectionView.swift */; };
		4993D0982566516A00B55512 /* MenuCell.swift in Sources */ = {isa = PBXBuildFile; fileRef = 4993D0452566516A00B55512 /* MenuCell.swift */; };
		4993D0992566516A00B55512 /* TCBMenuItemStyle.swift in Sources */ = {isa = PBXBuildFile; fileRef = 4993D0472566516A00B55512 /* TCBMenuItemStyle.swift */; };
		4993D09A2566516A00B55512 /* TCBMenuItemCell.swift in Sources */ = {isa = PBXBuildFile; fileRef = 4993D0482566516A00B55512 /* TCBMenuItemCell.swift */; };
		4993D09B2566516A00B55512 /* Offering.swift in Sources */ = {isa = PBXBuildFile; fileRef = 4993D04A2566516A00B55512 /* Offering.swift */; };
		4993D09C2566516A00B55512 /* OfferingCell.swift in Sources */ = {isa = PBXBuildFile; fileRef = 4993D04B2566516A00B55512 /* OfferingCell.swift */; };
		4993D09D2566516A00B55512 /* OfferingCollectionView.swift in Sources */ = {isa = PBXBuildFile; fileRef = 4993D04C2566516A00B55512 /* OfferingCollectionView.swift */; };
		4993D09E2566516A00B55512 /* OfferingCellStyle.swift in Sources */ = {isa = PBXBuildFile; fileRef = 4993D04D2566516A00B55512 /* OfferingCellStyle.swift */; };
		4993D09F2566516A00B55512 /* SecretViewStyle.swift in Sources */ = {isa = PBXBuildFile; fileRef = 4993D04F2566516A00B55512 /* SecretViewStyle.swift */; };
		4993D0A02566516A00B55512 /* SecretView.swift in Sources */ = {isa = PBXBuildFile; fileRef = 4993D0502566516A00B55512 /* SecretView.swift */; };
		4993D0A12566516A00B55512 /* TCBCarouselLayout.swift in Sources */ = {isa = PBXBuildFile; fileRef = 4993D0522566516A00B55512 /* TCBCarouselLayout.swift */; };
		4993D0A22566516A00B55512 /* TCBCardSliderStyle.swift in Sources */ = {isa = PBXBuildFile; fileRef = 4993D0532566516A00B55512 /* TCBCardSliderStyle.swift */; };
		4993D0A32566516A00B55512 /* TCBCustomCardView.swift in Sources */ = {isa = PBXBuildFile; fileRef = 4993D0542566516A00B55512 /* TCBCustomCardView.swift */; };
		4993D0A42566516A00B55512 /* TCBCardSliderCell.swift in Sources */ = {isa = PBXBuildFile; fileRef = 4993D0552566516A00B55512 /* TCBCardSliderCell.swift */; };
		4993D0A52566516A00B55512 /* TCBCardSlider.swift in Sources */ = {isa = PBXBuildFile; fileRef = 4993D0562566516A00B55512 /* TCBCardSlider.swift */; };
		4993D0A62566516A00B55512 /* TCBCardSliderDelegate.swift in Sources */ = {isa = PBXBuildFile; fileRef = 4993D0572566516A00B55512 /* TCBCardSliderDelegate.swift */; };
		4993D0A72566516A00B55512 /* TCBButtonBuilder.swift in Sources */ = {isa = PBXBuildFile; fileRef = 4993D0592566516A00B55512 /* TCBButtonBuilder.swift */; };
		4993D0A82566516A00B55512 /* TCBButtonStyle.swift in Sources */ = {isa = PBXBuildFile; fileRef = 4993D05A2566516A00B55512 /* TCBButtonStyle.swift */; };
		4993D0A92566516A00B55512 /* TCBButton.swift in Sources */ = {isa = PBXBuildFile; fileRef = 4993D05B2566516A00B55512 /* TCBButton.swift */; };
		4993D0AA2566516A00B55512 /* CellType.swift in Sources */ = {isa = PBXBuildFile; fileRef = 4993D05D2566516A00B55512 /* CellType.swift */; };
		4993D0AB2566516A00B55512 /* TCBNudge.swift in Sources */ = {isa = PBXBuildFile; fileRef = 4993D05E2566516A00B55512 /* TCBNudge.swift */; };
		4993D0AC2566516A00B55512 /* TCBNudgeCloseButton.swift in Sources */ = {isa = PBXBuildFile; fileRef = 4993D05F2566516A00B55512 /* TCBNudgeCloseButton.swift */; };
		4993D0AD2566516A00B55512 /* TCBNudgeStyle.swift in Sources */ = {isa = PBXBuildFile; fileRef = 4993D0602566516A00B55512 /* TCBNudgeStyle.swift */; };
		4993D0AE2566516A00B55512 /* TCBNudgeNotificationDefaultStyle.swift in Sources */ = {isa = PBXBuildFile; fileRef = 4993D0612566516A00B55512 /* TCBNudgeNotificationDefaultStyle.swift */; };
		4993D0AF2566516A00B55512 /* TCBNudgeType.swift in Sources */ = {isa = PBXBuildFile; fileRef = 4993D0622566516A00B55512 /* TCBNudgeType.swift */; };
		4993D0B02566516A00B55512 /* TCBNudgeDefaultStyle.swift in Sources */ = {isa = PBXBuildFile; fileRef = 4993D0632566516A00B55512 /* TCBNudgeDefaultStyle.swift */; };
		4993D0B12566516A00B55512 /* TCBNudgeIdentifiers.swift in Sources */ = {isa = PBXBuildFile; fileRef = 4993D0642566516A00B55512 /* TCBNudgeIdentifiers.swift */; };
		4993D0B22566516A00B55512 /* TCBCircularProgressView.swift in Sources */ = {isa = PBXBuildFile; fileRef = 4993D0652566516A00B55512 /* TCBCircularProgressView.swift */; };
		4993D0B32566516A00B55512 /* TCBNudgeMessage.swift in Sources */ = {isa = PBXBuildFile; fileRef = 4993D0662566516A00B55512 /* TCBNudgeMessage.swift */; };
		4993D0B42566516A00B55512 /* TCBNudgeNotificationStyle.swift in Sources */ = {isa = PBXBuildFile; fileRef = 4993D0672566516A00B55512 /* TCBNudgeNotificationStyle.swift */; };
		4993D0B52566516A00B55512 /* TCBTextfieldStyle.swift in Sources */ = {isa = PBXBuildFile; fileRef = 4993D0692566516A00B55512 /* TCBTextfieldStyle.swift */; };
		4993D0B62566516A00B55512 /* TCBTextfield.swift in Sources */ = {isa = PBXBuildFile; fileRef = 4993D06A2566516A00B55512 /* TCBTextfield.swift */; };
		4993D0B72566516A00B55512 /* TCBAnimatableLabel.swift in Sources */ = {isa = PBXBuildFile; fileRef = 4993D06B2566516A00B55512 /* TCBAnimatableLabel.swift */; };
		4993D0B82566516A00B55512 /* CarouselFlowLayout.swift in Sources */ = {isa = PBXBuildFile; fileRef = 4993D06D2566516A00B55512 /* CarouselFlowLayout.swift */; };
		4993D0BA2566516A00B55512 /* TCBPasscodeStyle.swift in Sources */ = {isa = PBXBuildFile; fileRef = 4993D0702566516A00B55512 /* TCBPasscodeStyle.swift */; };
		4993D0BB2566516A00B55512 /* CheckboxView.swift in Sources */ = {isa = PBXBuildFile; fileRef = 4993D0712566516A00B55512 /* CheckboxView.swift */; };
		4993D0BC2566516A00B55512 /* TCBPasscodeView.swift in Sources */ = {isa = PBXBuildFile; fileRef = 4993D0722566516A00B55512 /* TCBPasscodeView.swift */; };
		4993D0BD2566516A00B55512 /* TCBPopupInterface.swift in Sources */ = {isa = PBXBuildFile; fileRef = 4993D0742566516A00B55512 /* TCBPopupInterface.swift */; };
		4993D0BE2566516A00B55512 /* TCBPopupStyle.swift in Sources */ = {isa = PBXBuildFile; fileRef = 4993D0752566516A00B55512 /* TCBPopupStyle.swift */; };
		4993D0BF2566516A00B55512 /* TCBPopupViewController.swift in Sources */ = {isa = PBXBuildFile; fileRef = 4993D0762566516A00B55512 /* TCBPopupViewController.swift */; };
		4993D0C02566516A00B55512 /* TCBPopupViewController.xib in Resources */ = {isa = PBXBuildFile; fileRef = 4993D0772566516A00B55512 /* TCBPopupViewController.xib */; };
		4993D0C12566516A00B55512 /* TCBProfileTableViewCellStyle.swift in Sources */ = {isa = PBXBuildFile; fileRef = 4993D0792566516A00B55512 /* TCBProfileTableViewCellStyle.swift */; };
		4993D0C22566516A00B55512 /* TCBProfileTableViewCell.swift in Sources */ = {isa = PBXBuildFile; fileRef = 4993D07A2566516A00B55512 /* TCBProfileTableViewCell.swift */; };
		4993D0C42566516A00B55512 /* UIButton+Extensions.swift in Sources */ = {isa = PBXBuildFile; fileRef = 4993D07E2566516A00B55512 /* UIButton+Extensions.swift */; };
		4993D0C52566516A00B55512 /* UIView+Extensions.swift in Sources */ = {isa = PBXBuildFile; fileRef = 4993D07F2566516A00B55512 /* UIView+Extensions.swift */; };
		4993D0C62566516A00B55512 /* String+Extensions.swift in Sources */ = {isa = PBXBuildFile; fileRef = 4993D0802566516A00B55512 /* String+Extensions.swift */; };
		4993D0C72566516A00B55512 /* UITextView+Extensions.swift in Sources */ = {isa = PBXBuildFile; fileRef = 4993D0812566516A00B55512 /* UITextView+Extensions.swift */; };
		4993D0C82566516A00B55512 /* CAKeyframeAnimation+Extensions.swift in Sources */ = {isa = PBXBuildFile; fileRef = 4993D0822566516A00B55512 /* CAKeyframeAnimation+Extensions.swift */; };
		4993D0C92566516A00B55512 /* UIColor+Extensions.swift in Sources */ = {isa = PBXBuildFile; fileRef = 4993D0832566516A00B55512 /* UIColor+Extensions.swift */; };
		4993D0CA2566516A00B55512 /* UIImage+Extensions.swift in Sources */ = {isa = PBXBuildFile; fileRef = 4993D0842566516A00B55512 /* UIImage+Extensions.swift */; };
		4993D0CB2566516A00B55512 /* NSLayoutConstraint+Extensions.swift in Sources */ = {isa = PBXBuildFile; fileRef = 4993D0852566516A00B55512 /* NSLayoutConstraint+Extensions.swift */; };
		4993D0CC2566516A00B55512 /* NSNumber+Extensions.swift in Sources */ = {isa = PBXBuildFile; fileRef = 4993D0862566516A00B55512 /* NSNumber+Extensions.swift */; };
		4993D0CD2566516A00B55512 /* UIBarButtonItem+Extensions.swift in Sources */ = {isa = PBXBuildFile; fileRef = 4993D0872566516A00B55512 /* UIBarButtonItem+Extensions.swift */; };
		4993D0CE2566516A00B55512 /* UITableView+Extensions.swift in Sources */ = {isa = PBXBuildFile; fileRef = 4993D0882566516A00B55512 /* UITableView+Extensions.swift */; };
		4993D0CF2566516A00B55512 /* Date+Extensions.swift in Sources */ = {isa = PBXBuildFile; fileRef = 4993D0892566516A00B55512 /* Date+Extensions.swift */; };
		4993D0D02566516A00B55512 /* CGFloat+Extensions.swift in Sources */ = {isa = PBXBuildFile; fileRef = 4993D08A2566516A00B55512 /* CGFloat+Extensions.swift */; };
		4993D0D12566516A00B55512 /* UITextField+Extensions.swift in Sources */ = {isa = PBXBuildFile; fileRef = 4993D08B2566516A00B55512 /* UITextField+Extensions.swift */; };
		613F9FBA256BB2210099FF47 /* Array+Extensions.swift in Sources */ = {isa = PBXBuildFile; fileRef = 613F9FB8256BB2210099FF47 /* Array+Extensions.swift */; };
		613F9FCD256BB4370099FF47 /* UICollectionView+Identifier.swift in Sources */ = {isa = PBXBuildFile; fileRef = 613F9FCC256BB4370099FF47 /* UICollectionView+Identifier.swift */; };
		89149468254A7FB100872C1E /* TCBComponents.framework in Frameworks */ = {isa = PBXBuildFile; fileRef = 8914945E254A7FB100872C1E /* TCBComponents.framework */; };
		8914946D254A7FB100872C1E /* TCBComponentsTests.swift in Sources */ = {isa = PBXBuildFile; fileRef = 8914946C254A7FB100872C1E /* TCBComponentsTests.swift */; };
		891494B5254A805600872C1E /* TCBComponents.podspec in Resources */ = {isa = PBXBuildFile; fileRef = 891494B4254A805600872C1E /* TCBComponents.podspec */; };
		8F07FBA6889282F779021F7F /* Pods_TCBComponents_TCBComponentsTests.framework in Frameworks */ = {isa = PBXBuildFile; fileRef = 02E66B23A6258322D8655D78 /* Pods_TCBComponents_TCBComponentsTests.framework */; };
/* End PBXBuildFile section */

/* Begin PBXContainerItemProxy section */
		89149469254A7FB100872C1E /* PBXContainerItemProxy */ = {
			isa = PBXContainerItemProxy;
			containerPortal = 89149455254A7FB100872C1E /* Project object */;
			proxyType = 1;
			remoteGlobalIDString = 8914945D254A7FB100872C1E;
			remoteInfo = TCBComponents;
		};
/* End PBXContainerItemProxy section */

/* Begin PBXFileReference section */
		02E66B23A6258322D8655D78 /* Pods_TCBComponents_TCBComponentsTests.framework */ = {isa = PBXFileReference; explicitFileType = wrapper.framework; includeInIndex = 0; path = Pods_TCBComponents_TCBComponentsTests.framework; sourceTree = BUILT_PRODUCTS_DIR; };
		1DBDA6EC1F5C57E022551CA5 /* Pods-TCBComponents.debug.xcconfig */ = {isa = PBXFileReference; includeInIndex = 1; lastKnownFileType = text.xcconfig; name = "Pods-TCBComponents.debug.xcconfig"; path = "Target Support Files/Pods-TCBComponents/Pods-TCBComponents.debug.xcconfig"; sourceTree = "<group>"; };
		2B03ED152566843E0098F3E6 /* TCBBoxItem.swift */ = {isa = PBXFileReference; fileEncoding = 4; lastKnownFileType = sourcecode.swift; path = TCBBoxItem.swift; sourceTree = "<group>"; };
		2B03ED162566843E0098F3E6 /* TCBBoxList.swift */ = {isa = PBXFileReference; fileEncoding = 4; lastKnownFileType = sourcecode.swift; path = TCBBoxList.swift; sourceTree = "<group>"; };
		2B03ED172566843E0098F3E6 /* TCBBoxItemBuilder.swift */ = {isa = PBXFileReference; fileEncoding = 4; lastKnownFileType = sourcecode.swift; path = TCBBoxItemBuilder.swift; sourceTree = "<group>"; };
		2B03ED182566843E0098F3E6 /* TCBBoxListBuilder.swift */ = {isa = PBXFileReference; fileEncoding = 4; lastKnownFileType = sourcecode.swift; path = TCBBoxListBuilder.swift; sourceTree = "<group>"; };
		4993D0362566516900B55512 /* DefaultFonts.swift */ = {isa = PBXFileReference; fileEncoding = 4; lastKnownFileType = sourcecode.swift; path = DefaultFonts.swift; sourceTree = "<group>"; };
		4993D0372566516900B55512 /* TCBThemeableComponent.swift */ = {isa = PBXFileReference; fileEncoding = 4; lastKnownFileType = sourcecode.swift; path = TCBThemeableComponent.swift; sourceTree = "<group>"; };
		4993D0382566516900B55512 /* AppColors.swift */ = {isa = PBXFileReference; fileEncoding = 4; lastKnownFileType = sourcecode.swift; path = AppColors.swift; sourceTree = "<group>"; };
		4993D0392566516900B55512 /* DefaultColors.swift */ = {isa = PBXFileReference; fileEncoding = 4; lastKnownFileType = sourcecode.swift; path = DefaultColors.swift; sourceTree = "<group>"; };
		4993D03A2566516900B55512 /* AppFonts.swift */ = {isa = PBXFileReference; fileEncoding = 4; lastKnownFileType = sourcecode.swift; path = AppFonts.swift; sourceTree = "<group>"; };
		4993D03B2566516900B55512 /* DefaultDesign.swift */ = {isa = PBXFileReference; fileEncoding = 4; lastKnownFileType = sourcecode.swift; path = DefaultDesign.swift; sourceTree = "<group>"; };
		4993D03E2566516A00B55512 /* TCBAccountPanelStyle.swift */ = {isa = PBXFileReference; fileEncoding = 4; lastKnownFileType = sourcecode.swift; path = TCBAccountPanelStyle.swift; sourceTree = "<group>"; };
		4993D03F2566516A00B55512 /* TCBAccountViewModel.swift */ = {isa = PBXFileReference; fileEncoding = 4; lastKnownFileType = sourcecode.swift; path = TCBAccountViewModel.swift; sourceTree = "<group>"; };
		4993D0402566516A00B55512 /* TCBAccountPanel.swift */ = {isa = PBXFileReference; fileEncoding = 4; lastKnownFileType = sourcecode.swift; path = TCBAccountPanel.swift; sourceTree = "<group>"; };
		4993D0422566516A00B55512 /* MenuCellStyle.swift */ = {isa = PBXFileReference; fileEncoding = 4; lastKnownFileType = sourcecode.swift; path = MenuCellStyle.swift; sourceTree = "<group>"; };
		4993D0432566516A00B55512 /* MenuItem.swift */ = {isa = PBXFileReference; fileEncoding = 4; lastKnownFileType = sourcecode.swift; path = MenuItem.swift; sourceTree = "<group>"; };
		4993D0442566516A00B55512 /* MenuCollectionView.swift */ = {isa = PBXFileReference; fileEncoding = 4; lastKnownFileType = sourcecode.swift; path = MenuCollectionView.swift; sourceTree = "<group>"; };
		4993D0452566516A00B55512 /* MenuCell.swift */ = {isa = PBXFileReference; fileEncoding = 4; lastKnownFileType = sourcecode.swift; path = MenuCell.swift; sourceTree = "<group>"; };
		4993D0472566516A00B55512 /* TCBMenuItemStyle.swift */ = {isa = PBXFileReference; fileEncoding = 4; lastKnownFileType = sourcecode.swift; path = TCBMenuItemStyle.swift; sourceTree = "<group>"; };
		4993D0482566516A00B55512 /* TCBMenuItemCell.swift */ = {isa = PBXFileReference; fileEncoding = 4; lastKnownFileType = sourcecode.swift; path = TCBMenuItemCell.swift; sourceTree = "<group>"; };
		4993D04A2566516A00B55512 /* Offering.swift */ = {isa = PBXFileReference; fileEncoding = 4; lastKnownFileType = sourcecode.swift; path = Offering.swift; sourceTree = "<group>"; };
		4993D04B2566516A00B55512 /* OfferingCell.swift */ = {isa = PBXFileReference; fileEncoding = 4; lastKnownFileType = sourcecode.swift; path = OfferingCell.swift; sourceTree = "<group>"; };
		4993D04C2566516A00B55512 /* OfferingCollectionView.swift */ = {isa = PBXFileReference; fileEncoding = 4; lastKnownFileType = sourcecode.swift; path = OfferingCollectionView.swift; sourceTree = "<group>"; };
		4993D04D2566516A00B55512 /* OfferingCellStyle.swift */ = {isa = PBXFileReference; fileEncoding = 4; lastKnownFileType = sourcecode.swift; path = OfferingCellStyle.swift; sourceTree = "<group>"; };
		4993D04F2566516A00B55512 /* SecretViewStyle.swift */ = {isa = PBXFileReference; fileEncoding = 4; lastKnownFileType = sourcecode.swift; path = SecretViewStyle.swift; sourceTree = "<group>"; };
		4993D0502566516A00B55512 /* SecretView.swift */ = {isa = PBXFileReference; fileEncoding = 4; lastKnownFileType = sourcecode.swift; path = SecretView.swift; sourceTree = "<group>"; };
		4993D0522566516A00B55512 /* TCBCarouselLayout.swift */ = {isa = PBXFileReference; fileEncoding = 4; lastKnownFileType = sourcecode.swift; path = TCBCarouselLayout.swift; sourceTree = "<group>"; };
		4993D0532566516A00B55512 /* TCBCardSliderStyle.swift */ = {isa = PBXFileReference; fileEncoding = 4; lastKnownFileType = sourcecode.swift; path = TCBCardSliderStyle.swift; sourceTree = "<group>"; };
		4993D0542566516A00B55512 /* TCBCustomCardView.swift */ = {isa = PBXFileReference; fileEncoding = 4; lastKnownFileType = sourcecode.swift; path = TCBCustomCardView.swift; sourceTree = "<group>"; };
		4993D0552566516A00B55512 /* TCBCardSliderCell.swift */ = {isa = PBXFileReference; fileEncoding = 4; lastKnownFileType = sourcecode.swift; path = TCBCardSliderCell.swift; sourceTree = "<group>"; };
		4993D0562566516A00B55512 /* TCBCardSlider.swift */ = {isa = PBXFileReference; fileEncoding = 4; lastKnownFileType = sourcecode.swift; path = TCBCardSlider.swift; sourceTree = "<group>"; };
		4993D0572566516A00B55512 /* TCBCardSliderDelegate.swift */ = {isa = PBXFileReference; fileEncoding = 4; lastKnownFileType = sourcecode.swift; path = TCBCardSliderDelegate.swift; sourceTree = "<group>"; };
		4993D0592566516A00B55512 /* TCBButtonBuilder.swift */ = {isa = PBXFileReference; fileEncoding = 4; lastKnownFileType = sourcecode.swift; path = TCBButtonBuilder.swift; sourceTree = "<group>"; };
		4993D05A2566516A00B55512 /* TCBButtonStyle.swift */ = {isa = PBXFileReference; fileEncoding = 4; lastKnownFileType = sourcecode.swift; path = TCBButtonStyle.swift; sourceTree = "<group>"; };
		4993D05B2566516A00B55512 /* TCBButton.swift */ = {isa = PBXFileReference; fileEncoding = 4; lastKnownFileType = sourcecode.swift; path = TCBButton.swift; sourceTree = "<group>"; };
		4993D05D2566516A00B55512 /* CellType.swift */ = {isa = PBXFileReference; fileEncoding = 4; lastKnownFileType = sourcecode.swift; path = CellType.swift; sourceTree = "<group>"; };
		4993D05E2566516A00B55512 /* TCBNudge.swift */ = {isa = PBXFileReference; fileEncoding = 4; lastKnownFileType = sourcecode.swift; path = TCBNudge.swift; sourceTree = "<group>"; };
		4993D05F2566516A00B55512 /* TCBNudgeCloseButton.swift */ = {isa = PBXFileReference; fileEncoding = 4; lastKnownFileType = sourcecode.swift; path = TCBNudgeCloseButton.swift; sourceTree = "<group>"; };
		4993D0602566516A00B55512 /* TCBNudgeStyle.swift */ = {isa = PBXFileReference; fileEncoding = 4; lastKnownFileType = sourcecode.swift; path = TCBNudgeStyle.swift; sourceTree = "<group>"; };
		4993D0612566516A00B55512 /* TCBNudgeNotificationDefaultStyle.swift */ = {isa = PBXFileReference; fileEncoding = 4; lastKnownFileType = sourcecode.swift; path = TCBNudgeNotificationDefaultStyle.swift; sourceTree = "<group>"; };
		4993D0622566516A00B55512 /* TCBNudgeType.swift */ = {isa = PBXFileReference; fileEncoding = 4; lastKnownFileType = sourcecode.swift; path = TCBNudgeType.swift; sourceTree = "<group>"; };
		4993D0632566516A00B55512 /* TCBNudgeDefaultStyle.swift */ = {isa = PBXFileReference; fileEncoding = 4; lastKnownFileType = sourcecode.swift; path = TCBNudgeDefaultStyle.swift; sourceTree = "<group>"; };
		4993D0642566516A00B55512 /* TCBNudgeIdentifiers.swift */ = {isa = PBXFileReference; fileEncoding = 4; lastKnownFileType = sourcecode.swift; path = TCBNudgeIdentifiers.swift; sourceTree = "<group>"; };
		4993D0652566516A00B55512 /* TCBCircularProgressView.swift */ = {isa = PBXFileReference; fileEncoding = 4; lastKnownFileType = sourcecode.swift; path = TCBCircularProgressView.swift; sourceTree = "<group>"; };
		4993D0662566516A00B55512 /* TCBNudgeMessage.swift */ = {isa = PBXFileReference; fileEncoding = 4; lastKnownFileType = sourcecode.swift; path = TCBNudgeMessage.swift; sourceTree = "<group>"; };
		4993D0672566516A00B55512 /* TCBNudgeNotificationStyle.swift */ = {isa = PBXFileReference; fileEncoding = 4; lastKnownFileType = sourcecode.swift; path = TCBNudgeNotificationStyle.swift; sourceTree = "<group>"; };
		4993D0692566516A00B55512 /* TCBTextfieldStyle.swift */ = {isa = PBXFileReference; fileEncoding = 4; lastKnownFileType = sourcecode.swift; path = TCBTextfieldStyle.swift; sourceTree = "<group>"; };
		4993D06A2566516A00B55512 /* TCBTextfield.swift */ = {isa = PBXFileReference; fileEncoding = 4; lastKnownFileType = sourcecode.swift; path = TCBTextfield.swift; sourceTree = "<group>"; };
		4993D06B2566516A00B55512 /* TCBAnimatableLabel.swift */ = {isa = PBXFileReference; fileEncoding = 4; lastKnownFileType = sourcecode.swift; path = TCBAnimatableLabel.swift; sourceTree = "<group>"; };
		4993D06D2566516A00B55512 /* CarouselFlowLayout.swift */ = {isa = PBXFileReference; fileEncoding = 4; lastKnownFileType = sourcecode.swift; path = CarouselFlowLayout.swift; sourceTree = "<group>"; };
		4993D0702566516A00B55512 /* TCBPasscodeStyle.swift */ = {isa = PBXFileReference; fileEncoding = 4; lastKnownFileType = sourcecode.swift; path = TCBPasscodeStyle.swift; sourceTree = "<group>"; };
		4993D0712566516A00B55512 /* CheckboxView.swift */ = {isa = PBXFileReference; fileEncoding = 4; lastKnownFileType = sourcecode.swift; path = CheckboxView.swift; sourceTree = "<group>"; };
		4993D0722566516A00B55512 /* TCBPasscodeView.swift */ = {isa = PBXFileReference; fileEncoding = 4; lastKnownFileType = sourcecode.swift; path = TCBPasscodeView.swift; sourceTree = "<group>"; };
		4993D0742566516A00B55512 /* TCBPopupInterface.swift */ = {isa = PBXFileReference; fileEncoding = 4; lastKnownFileType = sourcecode.swift; path = TCBPopupInterface.swift; sourceTree = "<group>"; };
		4993D0752566516A00B55512 /* TCBPopupStyle.swift */ = {isa = PBXFileReference; fileEncoding = 4; lastKnownFileType = sourcecode.swift; path = TCBPopupStyle.swift; sourceTree = "<group>"; };
		4993D0762566516A00B55512 /* TCBPopupViewController.swift */ = {isa = PBXFileReference; fileEncoding = 4; lastKnownFileType = sourcecode.swift; path = TCBPopupViewController.swift; sourceTree = "<group>"; };
		4993D0772566516A00B55512 /* TCBPopupViewController.xib */ = {isa = PBXFileReference; fileEncoding = 4; lastKnownFileType = file.xib; path = TCBPopupViewController.xib; sourceTree = "<group>"; };
		4993D0792566516A00B55512 /* TCBProfileTableViewCellStyle.swift */ = {isa = PBXFileReference; fileEncoding = 4; lastKnownFileType = sourcecode.swift; path = TCBProfileTableViewCellStyle.swift; sourceTree = "<group>"; };
		4993D07A2566516A00B55512 /* TCBProfileTableViewCell.swift */ = {isa = PBXFileReference; fileEncoding = 4; lastKnownFileType = sourcecode.swift; path = TCBProfileTableViewCell.swift; sourceTree = "<group>"; };
		4993D07E2566516A00B55512 /* UIButton+Extensions.swift */ = {isa = PBXFileReference; fileEncoding = 4; lastKnownFileType = sourcecode.swift; path = "UIButton+Extensions.swift"; sourceTree = "<group>"; };
		4993D07F2566516A00B55512 /* UIView+Extensions.swift */ = {isa = PBXFileReference; fileEncoding = 4; lastKnownFileType = sourcecode.swift; path = "UIView+Extensions.swift"; sourceTree = "<group>"; };
		4993D0802566516A00B55512 /* String+Extensions.swift */ = {isa = PBXFileReference; fileEncoding = 4; lastKnownFileType = sourcecode.swift; path = "String+Extensions.swift"; sourceTree = "<group>"; };
		4993D0812566516A00B55512 /* UITextView+Extensions.swift */ = {isa = PBXFileReference; fileEncoding = 4; lastKnownFileType = sourcecode.swift; path = "UITextView+Extensions.swift"; sourceTree = "<group>"; };
		4993D0822566516A00B55512 /* CAKeyframeAnimation+Extensions.swift */ = {isa = PBXFileReference; fileEncoding = 4; lastKnownFileType = sourcecode.swift; path = "CAKeyframeAnimation+Extensions.swift"; sourceTree = "<group>"; };
		4993D0832566516A00B55512 /* UIColor+Extensions.swift */ = {isa = PBXFileReference; fileEncoding = 4; lastKnownFileType = sourcecode.swift; path = "UIColor+Extensions.swift"; sourceTree = "<group>"; };
		4993D0842566516A00B55512 /* UIImage+Extensions.swift */ = {isa = PBXFileReference; fileEncoding = 4; lastKnownFileType = sourcecode.swift; path = "UIImage+Extensions.swift"; sourceTree = "<group>"; };
		4993D0852566516A00B55512 /* NSLayoutConstraint+Extensions.swift */ = {isa = PBXFileReference; fileEncoding = 4; lastKnownFileType = sourcecode.swift; path = "NSLayoutConstraint+Extensions.swift"; sourceTree = "<group>"; };
		4993D0862566516A00B55512 /* NSNumber+Extensions.swift */ = {isa = PBXFileReference; fileEncoding = 4; lastKnownFileType = sourcecode.swift; path = "NSNumber+Extensions.swift"; sourceTree = "<group>"; };
		4993D0872566516A00B55512 /* UIBarButtonItem+Extensions.swift */ = {isa = PBXFileReference; fileEncoding = 4; lastKnownFileType = sourcecode.swift; path = "UIBarButtonItem+Extensions.swift"; sourceTree = "<group>"; };
		4993D0882566516A00B55512 /* UITableView+Extensions.swift */ = {isa = PBXFileReference; fileEncoding = 4; lastKnownFileType = sourcecode.swift; path = "UITableView+Extensions.swift"; sourceTree = "<group>"; };
		4993D0892566516A00B55512 /* Date+Extensions.swift */ = {isa = PBXFileReference; fileEncoding = 4; lastKnownFileType = sourcecode.swift; path = "Date+Extensions.swift"; sourceTree = "<group>"; };
		4993D08A2566516A00B55512 /* CGFloat+Extensions.swift */ = {isa = PBXFileReference; fileEncoding = 4; lastKnownFileType = sourcecode.swift; path = "CGFloat+Extensions.swift"; sourceTree = "<group>"; };
		4993D08B2566516A00B55512 /* UITextField+Extensions.swift */ = {isa = PBXFileReference; fileEncoding = 4; lastKnownFileType = sourcecode.swift; path = "UITextField+Extensions.swift"; sourceTree = "<group>"; };
		5999B6077D923A8C58CF008B /* Pods-TCBComponents-TCBComponentsTests.debug.xcconfig */ = {isa = PBXFileReference; includeInIndex = 1; lastKnownFileType = text.xcconfig; name = "Pods-TCBComponents-TCBComponentsTests.debug.xcconfig"; path = "Target Support Files/Pods-TCBComponents-TCBComponentsTests/Pods-TCBComponents-TCBComponentsTests.debug.xcconfig"; sourceTree = "<group>"; };
		613F9FB8256BB2210099FF47 /* Array+Extensions.swift */ = {isa = PBXFileReference; fileEncoding = 4; lastKnownFileType = sourcecode.swift; path = "Array+Extensions.swift"; sourceTree = "<group>"; };
		613F9FCC256BB4370099FF47 /* UICollectionView+Identifier.swift */ = {isa = PBXFileReference; fileEncoding = 4; lastKnownFileType = sourcecode.swift; path = "UICollectionView+Identifier.swift"; sourceTree = "<group>"; };
		8914945E254A7FB100872C1E /* TCBComponents.framework */ = {isa = PBXFileReference; explicitFileType = wrapper.framework; includeInIndex = 0; path = TCBComponents.framework; sourceTree = BUILT_PRODUCTS_DIR; };
		89149462254A7FB100872C1E /* Info.plist */ = {isa = PBXFileReference; lastKnownFileType = text.plist.xml; path = Info.plist; sourceTree = "<group>"; };
		89149467254A7FB100872C1E /* TCBComponentsTests.xctest */ = {isa = PBXFileReference; explicitFileType = wrapper.cfbundle; includeInIndex = 0; path = TCBComponentsTests.xctest; sourceTree = BUILT_PRODUCTS_DIR; };
		8914946C254A7FB100872C1E /* TCBComponentsTests.swift */ = {isa = PBXFileReference; lastKnownFileType = sourcecode.swift; path = TCBComponentsTests.swift; sourceTree = "<group>"; };
		8914946E254A7FB100872C1E /* Info.plist */ = {isa = PBXFileReference; lastKnownFileType = text.plist.xml; path = Info.plist; sourceTree = "<group>"; };
		891494B4254A805600872C1E /* TCBComponents.podspec */ = {isa = PBXFileReference; fileEncoding = 4; lastKnownFileType = text; path = TCBComponents.podspec; sourceTree = "<group>"; };
		8B36AE430BD6EAB584B8423D /* Pods_TCBComponents.framework */ = {isa = PBXFileReference; explicitFileType = wrapper.framework; includeInIndex = 0; path = Pods_TCBComponents.framework; sourceTree = BUILT_PRODUCTS_DIR; };
		B7A29798E8AE32F798C63D0B /* Pods-TCBComponents-TCBComponentsTests.release.xcconfig */ = {isa = PBXFileReference; includeInIndex = 1; lastKnownFileType = text.xcconfig; name = "Pods-TCBComponents-TCBComponentsTests.release.xcconfig"; path = "Target Support Files/Pods-TCBComponents-TCBComponentsTests/Pods-TCBComponents-TCBComponentsTests.release.xcconfig"; sourceTree = "<group>"; };
		DA9EC77CD1A2E7D64529DD63 /* Pods-TCBComponents.release.xcconfig */ = {isa = PBXFileReference; includeInIndex = 1; lastKnownFileType = text.xcconfig; name = "Pods-TCBComponents.release.xcconfig"; path = "Target Support Files/Pods-TCBComponents/Pods-TCBComponents.release.xcconfig"; sourceTree = "<group>"; };
/* End PBXFileReference section */

/* Begin PBXFrameworksBuildPhase section */
		8914945B254A7FB100872C1E /* Frameworks */ = {
			isa = PBXFrameworksBuildPhase;
			buildActionMask = 2147483647;
			files = (
				15A337343D11704C1A97DADA /* Pods_TCBComponents.framework in Frameworks */,
			);
			runOnlyForDeploymentPostprocessing = 0;
		};
		89149464254A7FB100872C1E /* Frameworks */ = {
			isa = PBXFrameworksBuildPhase;
			buildActionMask = 2147483647;
			files = (
				89149468254A7FB100872C1E /* TCBComponents.framework in Frameworks */,
				8F07FBA6889282F779021F7F /* Pods_TCBComponents_TCBComponentsTests.framework in Frameworks */,
			);
			runOnlyForDeploymentPostprocessing = 0;
		};
/* End PBXFrameworksBuildPhase section */

/* Begin PBXGroup section */
		2B03ED142566843E0098F3E6 /* TCBBoxItem */ = {
			isa = PBXGroup;
			children = (
				2B03ED152566843E0098F3E6 /* TCBBoxItem.swift */,
				2B03ED162566843E0098F3E6 /* TCBBoxList.swift */,
				2B03ED172566843E0098F3E6 /* TCBBoxItemBuilder.swift */,
				2B03ED182566843E0098F3E6 /* TCBBoxListBuilder.swift */,
			);
			path = TCBBoxItem;
			sourceTree = "<group>";
		};
		4993D0352566516900B55512 /* AppFonts */ = {
			isa = PBXGroup;
			children = (
				4993D0362566516900B55512 /* DefaultFonts.swift */,
				4993D0372566516900B55512 /* TCBThemeableComponent.swift */,
				4993D0382566516900B55512 /* AppColors.swift */,
				4993D0392566516900B55512 /* DefaultColors.swift */,
				4993D03A2566516900B55512 /* AppFonts.swift */,
				4993D03B2566516900B55512 /* DefaultDesign.swift */,
			);
			path = AppFonts;
			sourceTree = "<group>";
		};
		4993D03C2566516900B55512 /* CommonCoponents */ = {
			isa = PBXGroup;
			children = (
				2B03ED142566843E0098F3E6 /* TCBBoxItem */,
				4993D03D2566516A00B55512 /* TCBAccountPanel */,
				4993D0412566516A00B55512 /* MenuCollectionView */,
				4993D0462566516A00B55512 /* TCBMenuItem */,
				4993D0492566516A00B55512 /* OfferingCollectionView */,
				4993D04E2566516A00B55512 /* SecretView */,
				4993D0512566516A00B55512 /* TCBCardSlider */,
				4993D0582566516A00B55512 /* TCBButton */,
				4993D05C2566516A00B55512 /* TCBNudge */,
				4993D0682566516A00B55512 /* TCBTextfield */,
				4993D06C2566516A00B55512 /* CarouselFlowLayout */,
				4993D06E2566516A00B55512 /* TCBPasscodeView */,
				4993D0732566516A00B55512 /* TCBPopup */,
				4993D0782566516A00B55512 /* TCBProfileCell */,
			);
			path = CommonCoponents;
			sourceTree = "<group>";
		};
		4993D03D2566516A00B55512 /* TCBAccountPanel */ = {
			isa = PBXGroup;
			children = (
				4993D03E2566516A00B55512 /* TCBAccountPanelStyle.swift */,
				4993D03F2566516A00B55512 /* TCBAccountViewModel.swift */,
				4993D0402566516A00B55512 /* TCBAccountPanel.swift */,
			);
			path = TCBAccountPanel;
			sourceTree = "<group>";
		};
		4993D0412566516A00B55512 /* MenuCollectionView */ = {
			isa = PBXGroup;
			children = (
				4993D0422566516A00B55512 /* MenuCellStyle.swift */,
				4993D0432566516A00B55512 /* MenuItem.swift */,
				4993D0442566516A00B55512 /* MenuCollectionView.swift */,
				4993D0452566516A00B55512 /* MenuCell.swift */,
			);
			path = MenuCollectionView;
			sourceTree = "<group>";
		};
		4993D0462566516A00B55512 /* TCBMenuItem */ = {
			isa = PBXGroup;
			children = (
				4993D0472566516A00B55512 /* TCBMenuItemStyle.swift */,
				4993D0482566516A00B55512 /* TCBMenuItemCell.swift */,
			);
			path = TCBMenuItem;
			sourceTree = "<group>";
		};
		4993D0492566516A00B55512 /* OfferingCollectionView */ = {
			isa = PBXGroup;
			children = (
				4993D04A2566516A00B55512 /* Offering.swift */,
				4993D04B2566516A00B55512 /* OfferingCell.swift */,
				4993D04C2566516A00B55512 /* OfferingCollectionView.swift */,
				4993D04D2566516A00B55512 /* OfferingCellStyle.swift */,
			);
			path = OfferingCollectionView;
			sourceTree = "<group>";
		};
		4993D04E2566516A00B55512 /* SecretView */ = {
			isa = PBXGroup;
			children = (
				4993D04F2566516A00B55512 /* SecretViewStyle.swift */,
				4993D0502566516A00B55512 /* SecretView.swift */,
			);
			path = SecretView;
			sourceTree = "<group>";
		};
		4993D0512566516A00B55512 /* TCBCardSlider */ = {
			isa = PBXGroup;
			children = (
				4993D0522566516A00B55512 /* TCBCarouselLayout.swift */,
				4993D0532566516A00B55512 /* TCBCardSliderStyle.swift */,
				4993D0542566516A00B55512 /* TCBCustomCardView.swift */,
				4993D0552566516A00B55512 /* TCBCardSliderCell.swift */,
				4993D0562566516A00B55512 /* TCBCardSlider.swift */,
				4993D0572566516A00B55512 /* TCBCardSliderDelegate.swift */,
			);
			path = TCBCardSlider;
			sourceTree = "<group>";
		};
		4993D0582566516A00B55512 /* TCBButton */ = {
			isa = PBXGroup;
			children = (
				4993D0592566516A00B55512 /* TCBButtonBuilder.swift */,
				4993D05A2566516A00B55512 /* TCBButtonStyle.swift */,
				4993D05B2566516A00B55512 /* TCBButton.swift */,
			);
			path = TCBButton;
			sourceTree = "<group>";
		};
		4993D05C2566516A00B55512 /* TCBNudge */ = {
			isa = PBXGroup;
			children = (
				4993D05D2566516A00B55512 /* CellType.swift */,
				4993D05E2566516A00B55512 /* TCBNudge.swift */,
				4993D05F2566516A00B55512 /* TCBNudgeCloseButton.swift */,
				4993D0602566516A00B55512 /* TCBNudgeStyle.swift */,
				4993D0612566516A00B55512 /* TCBNudgeNotificationDefaultStyle.swift */,
				4993D0622566516A00B55512 /* TCBNudgeType.swift */,
				4993D0632566516A00B55512 /* TCBNudgeDefaultStyle.swift */,
				4993D0642566516A00B55512 /* TCBNudgeIdentifiers.swift */,
				4993D0652566516A00B55512 /* TCBCircularProgressView.swift */,
				4993D0662566516A00B55512 /* TCBNudgeMessage.swift */,
				4993D0672566516A00B55512 /* TCBNudgeNotificationStyle.swift */,
			);
			path = TCBNudge;
			sourceTree = "<group>";
		};
		4993D0682566516A00B55512 /* TCBTextfield */ = {
			isa = PBXGroup;
			children = (
				4993D0692566516A00B55512 /* TCBTextfieldStyle.swift */,
				4993D06A2566516A00B55512 /* TCBTextfield.swift */,
				4993D06B2566516A00B55512 /* TCBAnimatableLabel.swift */,
			);
			path = TCBTextfield;
			sourceTree = "<group>";
		};
		4993D06C2566516A00B55512 /* CarouselFlowLayout */ = {
			isa = PBXGroup;
			children = (
				4993D06D2566516A00B55512 /* CarouselFlowLayout.swift */,
			);
			path = CarouselFlowLayout;
			sourceTree = "<group>";
		};
		4993D06E2566516A00B55512 /* TCBPasscodeView */ = {
			isa = PBXGroup;
			children = (
				4993D0702566516A00B55512 /* TCBPasscodeStyle.swift */,
				4993D0712566516A00B55512 /* CheckboxView.swift */,
				4993D0722566516A00B55512 /* TCBPasscodeView.swift */,
			);
			path = TCBPasscodeView;
			sourceTree = "<group>";
		};
		4993D0732566516A00B55512 /* TCBPopup */ = {
			isa = PBXGroup;
			children = (
				4993D0742566516A00B55512 /* TCBPopupInterface.swift */,
				4993D0752566516A00B55512 /* TCBPopupStyle.swift */,
				4993D0762566516A00B55512 /* TCBPopupViewController.swift */,
				4993D0772566516A00B55512 /* TCBPopupViewController.xib */,
			);
			path = TCBPopup;
			sourceTree = "<group>";
		};
		4993D0782566516A00B55512 /* TCBProfileCell */ = {
			isa = PBXGroup;
			children = (
				4993D0792566516A00B55512 /* TCBProfileTableViewCellStyle.swift */,
				4993D07A2566516A00B55512 /* TCBProfileTableViewCell.swift */,
			);
			path = TCBProfileCell;
			sourceTree = "<group>";
		};
		4993D07B2566516A00B55512 /* Utils */ = {
			isa = PBXGroup;
			children = (
				4993D07D2566516A00B55512 /* Extensions */,
			);
			path = Utils;
			sourceTree = "<group>";
		};
		4993D07D2566516A00B55512 /* Extensions */ = {
			isa = PBXGroup;
			children = (
				613F9FCC256BB4370099FF47 /* UICollectionView+Identifier.swift */,
				613F9FB8256BB2210099FF47 /* Array+Extensions.swift */,
				4993D07E2566516A00B55512 /* UIButton+Extensions.swift */,
				4993D07F2566516A00B55512 /* UIView+Extensions.swift */,
				4993D0802566516A00B55512 /* String+Extensions.swift */,
				4993D0812566516A00B55512 /* UITextView+Extensions.swift */,
				4993D0822566516A00B55512 /* CAKeyframeAnimation+Extensions.swift */,
				4993D0832566516A00B55512 /* UIColor+Extensions.swift */,
				4993D0842566516A00B55512 /* UIImage+Extensions.swift */,
				4993D0852566516A00B55512 /* NSLayoutConstraint+Extensions.swift */,
				4993D0862566516A00B55512 /* NSNumber+Extensions.swift */,
				4993D0872566516A00B55512 /* UIBarButtonItem+Extensions.swift */,
				4993D0882566516A00B55512 /* UITableView+Extensions.swift */,
				4993D0892566516A00B55512 /* Date+Extensions.swift */,
				4993D08A2566516A00B55512 /* CGFloat+Extensions.swift */,
				4993D08B2566516A00B55512 /* UITextField+Extensions.swift */,
			);
			path = Extensions;
			sourceTree = "<group>";
		};
		89149454254A7FB100872C1E = {
			isa = PBXGroup;
			children = (
				891494B3254A803600872C1E /* Development */,
				8914947C254A7FF500872C1E /* Source */,
				891494AE254A800B00872C1E /* Supporting Files */,
				8914946B254A7FB100872C1E /* Tests */,
				8914945F254A7FB100872C1E /* Products */,
				F59E05C4B5E6E4927C786858 /* Pods */,
				B4A68A93C77467061CFB5BAE /* Frameworks */,
			);
			sourceTree = "<group>";
		};
		8914945F254A7FB100872C1E /* Products */ = {
			isa = PBXGroup;
			children = (
				8914945E254A7FB100872C1E /* TCBComponents.framework */,
				89149467254A7FB100872C1E /* TCBComponentsTests.xctest */,
			);
			name = Products;
			sourceTree = "<group>";
		};
		8914946B254A7FB100872C1E /* Tests */ = {
			isa = PBXGroup;
			children = (
				8914946C254A7FB100872C1E /* TCBComponentsTests.swift */,
				8914946E254A7FB100872C1E /* Info.plist */,
			);
			path = Tests;
			sourceTree = "<group>";
		};
		8914947C254A7FF500872C1E /* Source */ = {
			isa = PBXGroup;
			children = (
				4993D0352566516900B55512 /* AppFonts */,
				4993D03C2566516900B55512 /* CommonCoponents */,
				4993D07B2566516A00B55512 /* Utils */,
			);
			path = Source;
			sourceTree = "<group>";
		};
		891494AE254A800B00872C1E /* Supporting Files */ = {
			isa = PBXGroup;
			children = (
				89149462254A7FB100872C1E /* Info.plist */,
			);
			name = "Supporting Files";
			path = "Source/Supporting Files";
			sourceTree = "<group>";
		};
		891494B3254A803600872C1E /* Development */ = {
			isa = PBXGroup;
			children = (
				891494B4254A805600872C1E /* TCBComponents.podspec */,
			);
			name = Development;
			sourceTree = "<group>";
		};
		B4A68A93C77467061CFB5BAE /* Frameworks */ = {
			isa = PBXGroup;
			children = (
				8B36AE430BD6EAB584B8423D /* Pods_TCBComponents.framework */,
				02E66B23A6258322D8655D78 /* Pods_TCBComponents_TCBComponentsTests.framework */,
			);
			name = Frameworks;
			sourceTree = "<group>";
		};
		F59E05C4B5E6E4927C786858 /* Pods */ = {
			isa = PBXGroup;
			children = (
				1DBDA6EC1F5C57E022551CA5 /* Pods-TCBComponents.debug.xcconfig */,
				DA9EC77CD1A2E7D64529DD63 /* Pods-TCBComponents.release.xcconfig */,
				5999B6077D923A8C58CF008B /* Pods-TCBComponents-TCBComponentsTests.debug.xcconfig */,
				B7A29798E8AE32F798C63D0B /* Pods-TCBComponents-TCBComponentsTests.release.xcconfig */,
			);
			path = Pods;
			sourceTree = "<group>";
		};
/* End PBXGroup section */

/* Begin PBXHeadersBuildPhase section */
		89149459254A7FB100872C1E /* Headers */ = {
			isa = PBXHeadersBuildPhase;
			buildActionMask = 2147483647;
			files = (
			);
			runOnlyForDeploymentPostprocessing = 0;
		};
/* End PBXHeadersBuildPhase section */

/* Begin PBXNativeTarget section */
		8914945D254A7FB100872C1E /* TCBComponents */ = {
			isa = PBXNativeTarget;
			buildConfigurationList = 89149472254A7FB100872C1E /* Build configuration list for PBXNativeTarget "TCBComponents" */;
			buildPhases = (
				3BF02EA7E45FD4B64EA540F0 /* [CP] Check Pods Manifest.lock */,
				89149459254A7FB100872C1E /* Headers */,
				8914945A254A7FB100872C1E /* Sources */,
				8914945B254A7FB100872C1E /* Frameworks */,
				8914945C254A7FB100872C1E /* Resources */,
			);
			buildRules = (
			);
			dependencies = (
			);
			name = TCBComponents;
			productName = TCBComponents;
			productReference = 8914945E254A7FB100872C1E /* TCBComponents.framework */;
			productType = "com.apple.product-type.framework";
		};
		89149466254A7FB100872C1E /* TCBComponentsTests */ = {
			isa = PBXNativeTarget;
			buildConfigurationList = 89149475254A7FB100872C1E /* Build configuration list for PBXNativeTarget "TCBComponentsTests" */;
			buildPhases = (
				0130A907A6B51CF717239DF4 /* [CP] Check Pods Manifest.lock */,
				89149463254A7FB100872C1E /* Sources */,
				89149464254A7FB100872C1E /* Frameworks */,
				89149465254A7FB100872C1E /* Resources */,
				1E4C8A55156655D8A81FCC5D /* [CP] Embed Pods Frameworks */,
			);
			buildRules = (
			);
			dependencies = (
				8914946A254A7FB100872C1E /* PBXTargetDependency */,
			);
			name = TCBComponentsTests;
			productName = TCBComponentsTests;
			productReference = 89149467254A7FB100872C1E /* TCBComponentsTests.xctest */;
			productType = "com.apple.product-type.bundle.unit-test";
		};
/* End PBXNativeTarget section */

/* Begin PBXProject section */
		89149455254A7FB100872C1E /* Project object */ = {
			isa = PBXProject;
			attributes = {
				LastSwiftUpdateCheck = 1200;
				LastUpgradeCheck = 1200;
				TargetAttributes = {
					8914945D254A7FB100872C1E = {
						CreatedOnToolsVersion = 12.0.1;
					};
					89149466254A7FB100872C1E = {
						CreatedOnToolsVersion = 12.0.1;
					};
				};
			};
			buildConfigurationList = 89149458254A7FB100872C1E /* Build configuration list for PBXProject "TCBComponents" */;
			compatibilityVersion = "Xcode 9.3";
			developmentRegion = en;
			hasScannedForEncodings = 0;
			knownRegions = (
				en,
				Base,
			);
			mainGroup = 89149454254A7FB100872C1E;
			productRefGroup = 8914945F254A7FB100872C1E /* Products */;
			projectDirPath = "";
			projectRoot = "";
			targets = (
				8914945D254A7FB100872C1E /* TCBComponents */,
				89149466254A7FB100872C1E /* TCBComponentsTests */,
			);
		};
/* End PBXProject section */

/* Begin PBXResourcesBuildPhase section */
		8914945C254A7FB100872C1E /* Resources */ = {
			isa = PBXResourcesBuildPhase;
			buildActionMask = 2147483647;
			files = (
				891494B5254A805600872C1E /* TCBComponents.podspec in Resources */,
				4993D0C02566516A00B55512 /* TCBPopupViewController.xib in Resources */,
			);
			runOnlyForDeploymentPostprocessing = 0;
		};
		89149465254A7FB100872C1E /* Resources */ = {
			isa = PBXResourcesBuildPhase;
			buildActionMask = 2147483647;
			files = (
			);
			runOnlyForDeploymentPostprocessing = 0;
		};
/* End PBXResourcesBuildPhase section */

/* Begin PBXShellScriptBuildPhase section */
		0130A907A6B51CF717239DF4 /* [CP] Check Pods Manifest.lock */ = {
			isa = PBXShellScriptBuildPhase;
			buildActionMask = 2147483647;
			files = (
			);
			inputFileListPaths = (
			);
			inputPaths = (
				"${PODS_PODFILE_DIR_PATH}/Podfile.lock",
				"${PODS_ROOT}/Manifest.lock",
			);
			name = "[CP] Check Pods Manifest.lock";
			outputFileListPaths = (
			);
			outputPaths = (
				"$(DERIVED_FILE_DIR)/Pods-TCBComponents-TCBComponentsTests-checkManifestLockResult.txt",
			);
			runOnlyForDeploymentPostprocessing = 0;
			shellPath = /bin/sh;
			shellScript = "diff \"${PODS_PODFILE_DIR_PATH}/Podfile.lock\" \"${PODS_ROOT}/Manifest.lock\" > /dev/null\nif [ $? != 0 ] ; then\n    # print error to STDERR\n    echo \"error: The sandbox is not in sync with the Podfile.lock. Run 'pod install' or update your CocoaPods installation.\" >&2\n    exit 1\nfi\n# This output is used by Xcode 'outputs' to avoid re-running this script phase.\necho \"SUCCESS\" > \"${SCRIPT_OUTPUT_FILE_0}\"\n";
			showEnvVarsInLog = 0;
		};
		1E4C8A55156655D8A81FCC5D /* [CP] Embed Pods Frameworks */ = {
			isa = PBXShellScriptBuildPhase;
			buildActionMask = 2147483647;
			files = (
			);
			inputFileListPaths = (
				"${PODS_ROOT}/Target Support Files/Pods-TCBComponents-TCBComponentsTests/Pods-TCBComponents-TCBComponentsTests-frameworks-${CONFIGURATION}-input-files.xcfilelist",
			);
			name = "[CP] Embed Pods Frameworks";
			outputFileListPaths = (
				"${PODS_ROOT}/Target Support Files/Pods-TCBComponents-TCBComponentsTests/Pods-TCBComponents-TCBComponentsTests-frameworks-${CONFIGURATION}-output-files.xcfilelist",
			);
			runOnlyForDeploymentPostprocessing = 0;
			shellPath = /bin/sh;
			shellScript = "\"${PODS_ROOT}/Target Support Files/Pods-TCBComponents-TCBComponentsTests/Pods-TCBComponents-TCBComponentsTests-frameworks.sh\"\n";
			showEnvVarsInLog = 0;
		};
		3BF02EA7E45FD4B64EA540F0 /* [CP] Check Pods Manifest.lock */ = {
			isa = PBXShellScriptBuildPhase;
			buildActionMask = 2147483647;
			files = (
			);
			inputFileListPaths = (
			);
			inputPaths = (
				"${PODS_PODFILE_DIR_PATH}/Podfile.lock",
				"${PODS_ROOT}/Manifest.lock",
			);
			name = "[CP] Check Pods Manifest.lock";
			outputFileListPaths = (
			);
			outputPaths = (
				"$(DERIVED_FILE_DIR)/Pods-TCBComponents-checkManifestLockResult.txt",
			);
			runOnlyForDeploymentPostprocessing = 0;
			shellPath = /bin/sh;
			shellScript = "diff \"${PODS_PODFILE_DIR_PATH}/Podfile.lock\" \"${PODS_ROOT}/Manifest.lock\" > /dev/null\nif [ $? != 0 ] ; then\n    # print error to STDERR\n    echo \"error: The sandbox is not in sync with the Podfile.lock. Run 'pod install' or update your CocoaPods installation.\" >&2\n    exit 1\nfi\n# This output is used by Xcode 'outputs' to avoid re-running this script phase.\necho \"SUCCESS\" > \"${SCRIPT_OUTPUT_FILE_0}\"\n";
			showEnvVarsInLog = 0;
		};
/* End PBXShellScriptBuildPhase section */

/* Begin PBXSourcesBuildPhase section */
		8914945A254A7FB100872C1E /* Sources */ = {
			isa = PBXSourcesBuildPhase;
			buildActionMask = 2147483647;
			files = (
				4993D0D12566516A00B55512 /* UITextField+Extensions.swift in Sources */,
				4993D0A52566516A00B55512 /* TCBCardSlider.swift in Sources */,
				4993D0C42566516A00B55512 /* UIButton+Extensions.swift in Sources */,
				2B03ED192566843E0098F3E6 /* TCBBoxItem.swift in Sources */,
				4993D0922566516A00B55512 /* TCBAccountPanelStyle.swift in Sources */,
				4993D0C92566516A00B55512 /* UIColor+Extensions.swift in Sources */,
				4993D0B82566516A00B55512 /* CarouselFlowLayout.swift in Sources */,
				4993D0B72566516A00B55512 /* TCBAnimatableLabel.swift in Sources */,
				4993D0B22566516A00B55512 /* TCBCircularProgressView.swift in Sources */,
				4993D0C82566516A00B55512 /* CAKeyframeAnimation+Extensions.swift in Sources */,
				4993D08E2566516A00B55512 /* AppColors.swift in Sources */,
				4993D0902566516A00B55512 /* AppFonts.swift in Sources */,
				4993D08F2566516A00B55512 /* DefaultColors.swift in Sources */,
				4993D0C12566516A00B55512 /* TCBProfileTableViewCellStyle.swift in Sources */,
				4993D0AE2566516A00B55512 /* TCBNudgeNotificationDefaultStyle.swift in Sources */,
				4993D09D2566516A00B55512 /* OfferingCollectionView.swift in Sources */,
				4993D0D02566516A00B55512 /* CGFloat+Extensions.swift in Sources */,
				4993D0C52566516A00B55512 /* UIView+Extensions.swift in Sources */,
				4993D0952566516A00B55512 /* MenuCellStyle.swift in Sources */,
				613F9FBA256BB2210099FF47 /* Array+Extensions.swift in Sources */,
				4993D0A02566516A00B55512 /* SecretView.swift in Sources */,
				4993D0A82566516A00B55512 /* TCBButtonStyle.swift in Sources */,
				4993D0B12566516A00B55512 /* TCBNudgeIdentifiers.swift in Sources */,
				4993D0A12566516A00B55512 /* TCBCarouselLayout.swift in Sources */,
				4993D0BB2566516A00B55512 /* CheckboxView.swift in Sources */,
				4993D0A72566516A00B55512 /* TCBButtonBuilder.swift in Sources */,
				4993D0CB2566516A00B55512 /* NSLayoutConstraint+Extensions.swift in Sources */,
				4993D09E2566516A00B55512 /* OfferingCellStyle.swift in Sources */,
				4993D0BC2566516A00B55512 /* TCBPasscodeView.swift in Sources */,
				4993D0CC2566516A00B55512 /* NSNumber+Extensions.swift in Sources */,
				4993D0912566516A00B55512 /* DefaultDesign.swift in Sources */,
				4993D0BE2566516A00B55512 /* TCBPopupStyle.swift in Sources */,
				4993D0C62566516A00B55512 /* String+Extensions.swift in Sources */,
				4993D0B42566516A00B55512 /* TCBNudgeNotificationStyle.swift in Sources */,
				4993D0B62566516A00B55512 /* TCBTextfield.swift in Sources */,
				4993D0BF2566516A00B55512 /* TCBPopupViewController.swift in Sources */,
				4993D08C2566516A00B55512 /* DefaultFonts.swift in Sources */,
				4993D0CD2566516A00B55512 /* UIBarButtonItem+Extensions.swift in Sources */,
				4993D0AF2566516A00B55512 /* TCBNudgeType.swift in Sources */,
				2B03ED1C2566843E0098F3E6 /* TCBBoxListBuilder.swift in Sources */,
				4993D0C72566516A00B55512 /* UITextView+Extensions.swift in Sources */,
				4993D0972566516A00B55512 /* MenuCollectionView.swift in Sources */,
				4993D0AD2566516A00B55512 /* TCBNudgeStyle.swift in Sources */,
				4993D09F2566516A00B55512 /* SecretViewStyle.swift in Sources */,
				4993D0A22566516A00B55512 /* TCBCardSliderStyle.swift in Sources */,
				4993D0B52566516A00B55512 /* TCBTextfieldStyle.swift in Sources */,
				4993D0AA2566516A00B55512 /* CellType.swift in Sources */,
				4993D0BD2566516A00B55512 /* TCBPopupInterface.swift in Sources */,
				2B03ED1A2566843E0098F3E6 /* TCBBoxList.swift in Sources */,
				4993D0B02566516A00B55512 /* TCBNudgeDefaultStyle.swift in Sources */,
				4993D0942566516A00B55512 /* TCBAccountPanel.swift in Sources */,
				4993D09B2566516A00B55512 /* Offering.swift in Sources */,
				4993D0A92566516A00B55512 /* TCBButton.swift in Sources */,
				4993D0AB2566516A00B55512 /* TCBNudge.swift in Sources */,
				4993D0992566516A00B55512 /* TCBMenuItemStyle.swift in Sources */,
				4993D0A62566516A00B55512 /* TCBCardSliderDelegate.swift in Sources */,
				613F9FCD256BB4370099FF47 /* UICollectionView+Identifier.swift in Sources */,
				2B03ED1B2566843E0098F3E6 /* TCBBoxItemBuilder.swift in Sources */,
				4993D0CE2566516A00B55512 /* UITableView+Extensions.swift in Sources */,
				4993D0962566516A00B55512 /* MenuItem.swift in Sources */,
				4993D09C2566516A00B55512 /* OfferingCell.swift in Sources */,
				4993D0A42566516A00B55512 /* TCBCardSliderCell.swift in Sources */,
				4993D0B32566516A00B55512 /* TCBNudgeMessage.swift in Sources */,
				4993D0A32566516A00B55512 /* TCBCustomCardView.swift in Sources */,
				4993D0932566516A00B55512 /* TCBAccountViewModel.swift in Sources */,
				4993D0AC2566516A00B55512 /* TCBNudgeCloseButton.swift in Sources */,
				4993D0CA2566516A00B55512 /* UIImage+Extensions.swift in Sources */,
				4993D0C22566516A00B55512 /* TCBProfileTableViewCell.swift in Sources */,
				4993D0982566516A00B55512 /* MenuCell.swift in Sources */,
				4993D0CF2566516A00B55512 /* Date+Extensions.swift in Sources */,
				4993D09A2566516A00B55512 /* TCBMenuItemCell.swift in Sources */,
				4993D0BA2566516A00B55512 /* TCBPasscodeStyle.swift in Sources */,
				4993D08D2566516A00B55512 /* TCBThemeableComponent.swift in Sources */,
			);
			runOnlyForDeploymentPostprocessing = 0;
		};
		89149463254A7FB100872C1E /* Sources */ = {
			isa = PBXSourcesBuildPhase;
			buildActionMask = 2147483647;
			files = (
				8914946D254A7FB100872C1E /* TCBComponentsTests.swift in Sources */,
			);
			runOnlyForDeploymentPostprocessing = 0;
		};
/* End PBXSourcesBuildPhase section */

/* Begin PBXTargetDependency section */
		8914946A254A7FB100872C1E /* PBXTargetDependency */ = {
			isa = PBXTargetDependency;
			target = 8914945D254A7FB100872C1E /* TCBComponents */;
			targetProxy = 89149469254A7FB100872C1E /* PBXContainerItemProxy */;
		};
/* End PBXTargetDependency section */

/* Begin XCBuildConfiguration section */
		89149470254A7FB100872C1E /* Debug */ = {
			isa = XCBuildConfiguration;
			buildSettings = {
				ALWAYS_SEARCH_USER_PATHS = NO;
				CLANG_ANALYZER_NONNULL = YES;
				CLANG_ANALYZER_NUMBER_OBJECT_CONVERSION = YES_AGGRESSIVE;
				CLANG_CXX_LANGUAGE_STANDARD = "gnu++14";
				CLANG_CXX_LIBRARY = "libc++";
				CLANG_ENABLE_MODULES = YES;
				CLANG_ENABLE_OBJC_ARC = YES;
				CLANG_ENABLE_OBJC_WEAK = YES;
				CLANG_WARN_BLOCK_CAPTURE_AUTORELEASING = YES;
				CLANG_WARN_BOOL_CONVERSION = YES;
				CLANG_WARN_COMMA = YES;
				CLANG_WARN_CONSTANT_CONVERSION = YES;
				CLANG_WARN_DEPRECATED_OBJC_IMPLEMENTATIONS = YES;
				CLANG_WARN_DIRECT_OBJC_ISA_USAGE = YES_ERROR;
				CLANG_WARN_DOCUMENTATION_COMMENTS = YES;
				CLANG_WARN_EMPTY_BODY = YES;
				CLANG_WARN_ENUM_CONVERSION = YES;
				CLANG_WARN_INFINITE_RECURSION = YES;
				CLANG_WARN_INT_CONVERSION = YES;
				CLANG_WARN_NON_LITERAL_NULL_CONVERSION = YES;
				CLANG_WARN_OBJC_IMPLICIT_RETAIN_SELF = YES;
				CLANG_WARN_OBJC_LITERAL_CONVERSION = YES;
				CLANG_WARN_OBJC_ROOT_CLASS = YES_ERROR;
				CLANG_WARN_QUOTED_INCLUDE_IN_FRAMEWORK_HEADER = YES;
				CLANG_WARN_RANGE_LOOP_ANALYSIS = YES;
				CLANG_WARN_STRICT_PROTOTYPES = YES;
				CLANG_WARN_SUSPICIOUS_MOVE = YES;
				CLANG_WARN_UNGUARDED_AVAILABILITY = YES_AGGRESSIVE;
				CLANG_WARN_UNREACHABLE_CODE = YES;
				CLANG_WARN__DUPLICATE_METHOD_MATCH = YES;
				COPY_PHASE_STRIP = NO;
				CURRENT_PROJECT_VERSION = 1;
				DEBUG_INFORMATION_FORMAT = dwarf;
				ENABLE_STRICT_OBJC_MSGSEND = YES;
				ENABLE_TESTABILITY = YES;
				GCC_C_LANGUAGE_STANDARD = gnu11;
				GCC_DYNAMIC_NO_PIC = NO;
				GCC_NO_COMMON_BLOCKS = YES;
				GCC_OPTIMIZATION_LEVEL = 0;
				GCC_PREPROCESSOR_DEFINITIONS = (
					"DEBUG=1",
					"$(inherited)",
				);
				GCC_WARN_64_TO_32_BIT_CONVERSION = YES;
				GCC_WARN_ABOUT_RETURN_TYPE = YES_ERROR;
				GCC_WARN_UNDECLARED_SELECTOR = YES;
				GCC_WARN_UNINITIALIZED_AUTOS = YES_AGGRESSIVE;
				GCC_WARN_UNUSED_FUNCTION = YES;
				GCC_WARN_UNUSED_VARIABLE = YES;
				IPHONEOS_DEPLOYMENT_TARGET = 14.0;
				MTL_ENABLE_DEBUG_INFO = INCLUDE_SOURCE;
				MTL_FAST_MATH = YES;
				ONLY_ACTIVE_ARCH = YES;
				SDKROOT = iphoneos;
				SWIFT_ACTIVE_COMPILATION_CONDITIONS = DEBUG;
				SWIFT_OPTIMIZATION_LEVEL = "-Onone";
				VERSIONING_SYSTEM = "apple-generic";
				VERSION_INFO_PREFIX = "";
			};
			name = Debug;
		};
		89149471254A7FB100872C1E /* Release */ = {
			isa = XCBuildConfiguration;
			buildSettings = {
				ALWAYS_SEARCH_USER_PATHS = NO;
				CLANG_ANALYZER_NONNULL = YES;
				CLANG_ANALYZER_NUMBER_OBJECT_CONVERSION = YES_AGGRESSIVE;
				CLANG_CXX_LANGUAGE_STANDARD = "gnu++14";
				CLANG_CXX_LIBRARY = "libc++";
				CLANG_ENABLE_MODULES = YES;
				CLANG_ENABLE_OBJC_ARC = YES;
				CLANG_ENABLE_OBJC_WEAK = YES;
				CLANG_WARN_BLOCK_CAPTURE_AUTORELEASING = YES;
				CLANG_WARN_BOOL_CONVERSION = YES;
				CLANG_WARN_COMMA = YES;
				CLANG_WARN_CONSTANT_CONVERSION = YES;
				CLANG_WARN_DEPRECATED_OBJC_IMPLEMENTATIONS = YES;
				CLANG_WARN_DIRECT_OBJC_ISA_USAGE = YES_ERROR;
				CLANG_WARN_DOCUMENTATION_COMMENTS = YES;
				CLANG_WARN_EMPTY_BODY = YES;
				CLANG_WARN_ENUM_CONVERSION = YES;
				CLANG_WARN_INFINITE_RECURSION = YES;
				CLANG_WARN_INT_CONVERSION = YES;
				CLANG_WARN_NON_LITERAL_NULL_CONVERSION = YES;
				CLANG_WARN_OBJC_IMPLICIT_RETAIN_SELF = YES;
				CLANG_WARN_OBJC_LITERAL_CONVERSION = YES;
				CLANG_WARN_OBJC_ROOT_CLASS = YES_ERROR;
				CLANG_WARN_QUOTED_INCLUDE_IN_FRAMEWORK_HEADER = YES;
				CLANG_WARN_RANGE_LOOP_ANALYSIS = YES;
				CLANG_WARN_STRICT_PROTOTYPES = YES;
				CLANG_WARN_SUSPICIOUS_MOVE = YES;
				CLANG_WARN_UNGUARDED_AVAILABILITY = YES_AGGRESSIVE;
				CLANG_WARN_UNREACHABLE_CODE = YES;
				CLANG_WARN__DUPLICATE_METHOD_MATCH = YES;
				COPY_PHASE_STRIP = NO;
				CURRENT_PROJECT_VERSION = 1;
				DEBUG_INFORMATION_FORMAT = "dwarf-with-dsym";
				ENABLE_NS_ASSERTIONS = NO;
				ENABLE_STRICT_OBJC_MSGSEND = YES;
				GCC_C_LANGUAGE_STANDARD = gnu11;
				GCC_NO_COMMON_BLOCKS = YES;
				GCC_WARN_64_TO_32_BIT_CONVERSION = YES;
				GCC_WARN_ABOUT_RETURN_TYPE = YES_ERROR;
				GCC_WARN_UNDECLARED_SELECTOR = YES;
				GCC_WARN_UNINITIALIZED_AUTOS = YES_AGGRESSIVE;
				GCC_WARN_UNUSED_FUNCTION = YES;
				GCC_WARN_UNUSED_VARIABLE = YES;
				IPHONEOS_DEPLOYMENT_TARGET = 14.0;
				MTL_ENABLE_DEBUG_INFO = NO;
				MTL_FAST_MATH = YES;
				SDKROOT = iphoneos;
				SWIFT_COMPILATION_MODE = wholemodule;
				SWIFT_OPTIMIZATION_LEVEL = "-O";
				VALIDATE_PRODUCT = YES;
				VERSIONING_SYSTEM = "apple-generic";
				VERSION_INFO_PREFIX = "";
			};
			name = Release;
		};
		89149473254A7FB100872C1E /* Debug */ = {
			isa = XCBuildConfiguration;
			baseConfigurationReference = 1DBDA6EC1F5C57E022551CA5 /* Pods-TCBComponents.debug.xcconfig */;
			buildSettings = {
				CODE_SIGN_STYLE = Automatic;
				DEFINES_MODULE = YES;
				DYLIB_COMPATIBILITY_VERSION = 1;
				DYLIB_CURRENT_VERSION = 1;
				DYLIB_INSTALL_NAME_BASE = "@rpath";
				INFOPLIST_FILE = "Supporting Files/Info.plist";
				INSTALL_PATH = "$(LOCAL_LIBRARY_DIR)/Frameworks";
				LD_RUNPATH_SEARCH_PATHS = (
					"$(inherited)",
					"@executable_path/Frameworks",
					"@loader_path/Frameworks",
				);
				PRODUCT_BUNDLE_IDENTIFIER = com.techcombank.TCBComponents;
				PRODUCT_NAME = "$(TARGET_NAME:c99extidentifier)";
				SKIP_INSTALL = YES;
				SWIFT_VERSION = 5.0;
				TARGETED_DEVICE_FAMILY = "1,2";
			};
			name = Debug;
		};
		89149474254A7FB100872C1E /* Release */ = {
			isa = XCBuildConfiguration;
			baseConfigurationReference = DA9EC77CD1A2E7D64529DD63 /* Pods-TCBComponents.release.xcconfig */;
			buildSettings = {
				CODE_SIGN_STYLE = Automatic;
				DEFINES_MODULE = YES;
				DYLIB_COMPATIBILITY_VERSION = 1;
				DYLIB_CURRENT_VERSION = 1;
				DYLIB_INSTALL_NAME_BASE = "@rpath";
				INFOPLIST_FILE = "Supporting Files/Info.plist";
				INSTALL_PATH = "$(LOCAL_LIBRARY_DIR)/Frameworks";
				LD_RUNPATH_SEARCH_PATHS = (
					"$(inherited)",
					"@executable_path/Frameworks",
					"@loader_path/Frameworks",
				);
				PRODUCT_BUNDLE_IDENTIFIER = com.techcombank.TCBComponents;
				PRODUCT_NAME = "$(TARGET_NAME:c99extidentifier)";
				SKIP_INSTALL = YES;
				SWIFT_VERSION = 5.0;
				TARGETED_DEVICE_FAMILY = "1,2";
			};
			name = Release;
		};
		89149476254A7FB100872C1E /* Debug */ = {
			isa = XCBuildConfiguration;
			baseConfigurationReference = 5999B6077D923A8C58CF008B /* Pods-TCBComponents-TCBComponentsTests.debug.xcconfig */;
			buildSettings = {
				ALWAYS_EMBED_SWIFT_STANDARD_LIBRARIES = YES;
				CODE_SIGN_STYLE = Automatic;
				INFOPLIST_FILE = Tests/Info.plist;
				LD_RUNPATH_SEARCH_PATHS = (
					"$(inherited)",
					"@executable_path/Frameworks",
					"@loader_path/Frameworks",
				);
				PRODUCT_BUNDLE_IDENTIFIER = com.techcombank.TCBComponentsTests;
				PRODUCT_NAME = "$(TARGET_NAME)";
				SWIFT_VERSION = 5.0;
				TARGETED_DEVICE_FAMILY = "1,2";
			};
			name = Debug;
		};
		89149477254A7FB100872C1E /* Release */ = {
			isa = XCBuildConfiguration;
			baseConfigurationReference = B7A29798E8AE32F798C63D0B /* Pods-TCBComponents-TCBComponentsTests.release.xcconfig */;
			buildSettings = {
				ALWAYS_EMBED_SWIFT_STANDARD_LIBRARIES = YES;
				CODE_SIGN_STYLE = Automatic;
				INFOPLIST_FILE = Tests/Info.plist;
				LD_RUNPATH_SEARCH_PATHS = (
					"$(inherited)",
					"@executable_path/Frameworks",
					"@loader_path/Frameworks",
				);
				PRODUCT_BUNDLE_IDENTIFIER = com.techcombank.TCBComponentsTests;
				PRODUCT_NAME = "$(TARGET_NAME)";
				SWIFT_VERSION = 5.0;
				TARGETED_DEVICE_FAMILY = "1,2";
			};
			name = Release;
		};
/* End XCBuildConfiguration section */

/* Begin XCConfigurationList section */
		89149458254A7FB100872C1E /* Build configuration list for PBXProject "TCBComponents" */ = {
			isa = XCConfigurationList;
			buildConfigurations = (
				89149470254A7FB100872C1E /* Debug */,
				89149471254A7FB100872C1E /* Release */,
			);
			defaultConfigurationIsVisible = 0;
			defaultConfigurationName = Release;
		};
		89149472254A7FB100872C1E /* Build configuration list for PBXNativeTarget "TCBComponents" */ = {
			isa = XCConfigurationList;
			buildConfigurations = (
				89149473254A7FB100872C1E /* Debug */,
				89149474254A7FB100872C1E /* Release */,
			);
			defaultConfigurationIsVisible = 0;
			defaultConfigurationName = Release;
		};
		89149475254A7FB100872C1E /* Build configuration list for PBXNativeTarget "TCBComponentsTests" */ = {
			isa = XCConfigurationList;
			buildConfigurations = (
				89149476254A7FB100872C1E /* Debug */,
				89149477254A7FB100872C1E /* Release */,
			);
			defaultConfigurationIsVisible = 0;
			defaultConfigurationName = Release;
		};
/* End XCConfigurationList section */
	};
	rootObject = 89149455254A7FB100872C1E /* Project object */;
}
